
Microsoft Visual Studio Solution File, Format Version 12.00
# Visual Studio 14
VisualStudioVersion = 14.0.25420.1
MinimumVisualStudioVersion = 10.0.40219.1
Project("{FAE04EC0-301F-11D3-BF4B-00C04F79EFBC}") = "Othello", "Othello\Othello.csproj", "{6B5A14EC-B580-4695-BFC6-D987681F28F9}"
EndProject
Project("{2150E333-8FDC-42A3-9474-1A3956D46DE8}") = "Solution Items", "Solution Items", "{057EF60C-F39F-401B-8BAC-A127B2FC7F06}"
	ProjectSection(SolutionItems) = preProject
		Othello\IPlayable.cs = Othello\IPlayable.cs
	EndProjectSection
EndProject
Global
	GlobalSection(SolutionConfigurationPlatforms) = preSolution
		Debug|Any CPU = Debug|Any CPU
		Release|Any CPU = Release|Any CPU
	EndGlobalSection
	GlobalSection(ProjectConfigurationPlatforms) = postSolution
		{6B5A14EC-B580-4695-BFC6-D987681F28F9}.Debug|Any CPU.ActiveCfg = Debug|Any CPU
		{6B5A14EC-B580-4695-BFC6-D987681F28F9}.Debug|Any CPU.Build.0 = Debug|Any CPU
		{6B5A14EC-B580-4695-BFC6-D987681F28F9}.Release|Any CPU.ActiveCfg = Release|Any CPU
		{6B5A14EC-B580-4695-BFC6-D987681F28F9}.Release|Any CPU.Build.0 = Release|Any CPU
	EndGlobalSection
	GlobalSection(SolutionProperties) = preSolution
		HideSolutionNode = FALSE
	EndGlobalSection
EndGlobal
